Microsoft Visual Studio Solution File, Format Version 12.00
# Visual Studio Version 17
VisualStudioVersion = 17.5.2.0
MinimumVisualStudioVersion = 10.0.40219.1
Project("{FAE04EC0-301F-11D3-BF4B-00C04F79EFBC}") = "func-demo", "func-demo.csproj", "{DBDD654C-F061-5994-DC18-B9AA0E51A88E}"
EndProject
Global
	GlobalSection(SolutionConfigurationPlatforms) = preSolution
		Debug|Any CPU = Debug|Any CPU
		Release|Any CPU = Release|Any CPU
	EndGlobalSection
	GlobalSection(ProjectConfigurationPlatforms) = postSolution
		{DBDD654C-F061-5994-DC18-B9AA0E51A88E}.Debug|Any CPU.ActiveCfg = Debug|Any CPU
		{DBDD654C-F061-5994-DC18-B9AA0E51A88E}.Debug|Any CPU.Build.0 = Debug|Any CPU
		{DBDD654C-F061-5994-DC18-B9AA0E51A88E}.Release|Any CPU.ActiveCfg = Release|Any CPU
		{DBDD654C-F061-5994-DC18-B9AA0E51A88E}.Release|Any CPU.Build.0 = Release|Any CPU
	EndGlobalSection
	GlobalSection(SolutionProperties) = preSolution
		HideSolutionNode = FALSE
	EndGlobalSection
	GlobalSection(ExtensibilityGlobals) = postSolution
		SolutionGuid = {744BD1FC-389F-4E16-9409-5CADD60136A2}
	EndGlobalSection
EndGlobal
